
Microsoft Visual Studio Solution File, Format Version 12.00
# Visual Studio Express 2012 for Windows Desktop
Project("{FAE04EC0-301F-11D3-BF4B-00C04F79EFBC}") = "N!_Project", "N!_Project\N!_Project.csproj", "{15E4EAA1-CBF3-483F-B1C3-0233B5B7A416}"
EndProject
Global
	GlobalSection(SolutionConfigurationPlatforms) = preSolution
		Debug|Any CPU = Debug|Any CPU
		Release|Any CPU = Release|Any CPU
	EndGlobalSection
	GlobalSection(ProjectConfigurationPlatforms) = postSolution
		{15E4EAA1-CBF3-483F-B1C3-0233B5B7A416}.Debug|Any CPU.ActiveCfg = Debug|Any CPU
		{15E4EAA1-CBF3-483F-B1C3-0233B5B7A416}.Debug|Any CPU.Build.0 = Debug|Any CPU
		{15E4EAA1-CBF3-483F-B1C3-0233B5B7A416}.Release|Any CPU.ActiveCfg = Release|Any CPU
		{15E4EAA1-CBF3-483F-B1C3-0233B5B7A416}.Release|Any CPU.Build.0 = Release|Any CPU
	EndGlobalSection
	GlobalSection(SolutionProperties) = preSolution
		HideSolutionNode = FALSE
	EndGlobalSection
EndGlobal
