
Microsoft Visual Studio Solution File, Format Version 12.00
# Visual Studio Express 2012 for Windows Desktop
Project("{FAE04EC0-301F-11D3-BF4B-00C04F79EFBC}") = "GoodbyeProject", "GoodbyeProject\GoodbyeProject.csproj", "{629E9F7B-3520-454B-B6F7-7D536F790444}"
EndProject
Global
	GlobalSection(SolutionConfigurationPlatforms) = preSolution
		Debug|Any CPU = Debug|Any CPU
		Release|Any CPU = Release|Any CPU
	EndGlobalSection
	GlobalSection(ProjectConfigurationPlatforms) = postSolution
		{629E9F7B-3520-454B-B6F7-7D536F790444}.Debug|Any CPU.ActiveCfg = Debug|Any CPU
		{629E9F7B-3520-454B-B6F7-7D536F790444}.Debug|Any CPU.Build.0 = Debug|Any CPU
		{629E9F7B-3520-454B-B6F7-7D536F790444}.Release|Any CPU.ActiveCfg = Release|Any CPU
		{629E9F7B-3520-454B-B6F7-7D536F790444}.Release|Any CPU.Build.0 = Release|Any CPU
	EndGlobalSection
	GlobalSection(SolutionProperties) = preSolution
		HideSolutionNode = FALSE
	EndGlobalSection
EndGlobal
