
Microsoft Visual Studio Solution File, Format Version 12.00
# Visual Studio Express 2012 for Windows Desktop
Project("{FAE04EC0-301F-11D3-BF4B-00C04F79EFBC}") = "trapezoidProject", "trapezoidProject\trapezoidProject.csproj", "{8CCAFC8E-BC1F-4369-831D-15DFE258025D}"
EndProject
Global
	GlobalSection(SolutionConfigurationPlatforms) = preSolution
		Debug|Any CPU = Debug|Any CPU
		Release|Any CPU = Release|Any CPU
	EndGlobalSection
	GlobalSection(ProjectConfigurationPlatforms) = postSolution
		{8CCAFC8E-BC1F-4369-831D-15DFE258025D}.Debug|Any CPU.ActiveCfg = Debug|Any CPU
		{8CCAFC8E-BC1F-4369-831D-15DFE258025D}.Debug|Any CPU.Build.0 = Debug|Any CPU
		{8CCAFC8E-BC1F-4369-831D-15DFE258025D}.Release|Any CPU.ActiveCfg = Release|Any CPU
		{8CCAFC8E-BC1F-4369-831D-15DFE258025D}.Release|Any CPU.Build.0 = Release|Any CPU
	EndGlobalSection
	GlobalSection(SolutionProperties) = preSolution
		HideSolutionNode = FALSE
	EndGlobalSection
EndGlobal
